
Microsoft Visual Studio Solution File, Format Version 12.00
# Visual Studio Version 16
VisualStudioVersion = 16.0.29025.244
MinimumVisualStudioVersion = 10.0.40219.1
Project("{FAE04EC0-301F-11D3-BF4B-00C04F79EFBC}") = "La Bakéry", "La Bakéry.csproj", "{EA46A283-7D72-4BE1-BB25-FE7CDB1FA472}"
EndProject
Global
	GlobalSection(SolutionConfigurationPlatforms) = preSolution
		Debug|Any CPU = Debug|Any CPU
		Release|Any CPU = Release|Any CPU
	EndGlobalSection
	GlobalSection(ProjectConfigurationPlatforms) = postSolution
		{EA46A283-7D72-4BE1-BB25-FE7CDB1FA472}.Debug|Any CPU.ActiveCfg = Debug|Any CPU
		{EA46A283-7D72-4BE1-BB25-FE7CDB1FA472}.Debug|Any CPU.Build.0 = Debug|Any CPU
		{EA46A283-7D72-4BE1-BB25-FE7CDB1FA472}.Release|Any CPU.ActiveCfg = Release|Any CPU
		{EA46A283-7D72-4BE1-BB25-FE7CDB1FA472}.Release|Any CPU.Build.0 = Release|Any CPU
	EndGlobalSection
	GlobalSection(SolutionProperties) = preSolution
		HideSolutionNode = FALSE
	EndGlobalSection
	GlobalSection(ExtensibilityGlobals) = postSolution
		SolutionGuid = {ED1295D5-90FB-4C20-B409-D63CFDE53D07}
	EndGlobalSection
EndGlobal
